// !$*UTF8*$!
{
	archiveVersion = 1;
	classes = {
	};
	objectVersion = 46;
	objects = {

/* Begin PBXBuildFile section */
		531A3FA71AFF61C1004363EA /* 説明0.png in Resources */ = {isa = PBXBuildFile; fileRef = 531A3FA11AFF61C1004363EA /* 説明0.png */; };
		531A3FA81AFF61C1004363EA /* 説明1.png in Resources */ = {isa = PBXBuildFile; fileRef = 531A3FA21AFF61C1004363EA /* 説明1.png */; };
		531A3FA91AFF61C1004363EA /* 説明2.png in Resources */ = {isa = PBXBuildFile; fileRef = 531A3FA31AFF61C1004363EA /* 説明2.png */; };
		531A3FAA1AFF61C1004363EA /* 説明3.png in Resources */ = {isa = PBXBuildFile; fileRef = 531A3FA41AFF61C1004363EA /* 説明3.png */; };
		531A3FAB1AFF61C1004363EA /* 説明4.png in Resources */ = {isa = PBXBuildFile; fileRef = 531A3FA51AFF61C1004363EA /* 説明4.png */; };
		531A3FAC1AFF61C1004363EA /* 説明5.png in Resources */ = {isa = PBXBuildFile; fileRef = 531A3FA61AFF61C1004363EA /* 説明5.png */; };
		531A3FE01AFF7CF5004363EA /* QuartzCore.framework in Frameworks */ = {isa = PBXBuildFile; fileRef = 531A3FDF1AFF7CF5004363EA /* QuartzCore.framework */; };
		531A3FE71AFF8091004363EA /* checkerboard.png in Resources */ = {isa = PBXBuildFile; fileRef = 531A3FE11AFF8091004363EA /* checkerboard.png */; };
		531A3FE81AFF8091004363EA /* checkerboard@2x.png in Resources */ = {isa = PBXBuildFile; fileRef = 531A3FE21AFF8091004363EA /* checkerboard@2x.png */; };
		531A3FE91AFF8091004363EA /* colorPickerKnob.png in Resources */ = {isa = PBXBuildFile; fileRef = 531A3FE31AFF8091004363EA /* colorPickerKnob.png */; };
		531A3FEA1AFF8091004363EA /* colorPickerKnob@2x.png in Resources */ = {isa = PBXBuildFile; fileRef = 531A3FE41AFF8091004363EA /* colorPickerKnob@2x.png */; };
		531A3FEB1AFF8091004363EA /* pickerColorWheel.png in Resources */ = {isa = PBXBuildFile; fileRef = 531A3FE51AFF8091004363EA /* pickerColorWheel.png */; };
		531A3FEC1AFF8091004363EA /* pickerColorWheel@2x.png in Resources */ = {isa = PBXBuildFile; fileRef = 531A3FE61AFF8091004363EA /* pickerColorWheel@2x.png */; };
		531A402A1B072E24004363EA /* PraintIcon_152.png in Resources */ = {isa = PBXBuildFile; fileRef = 531A40281B072E24004363EA /* PraintIcon_152.png */; };
		531A402B1B072E24004363EA /* PraintIcon_76.png in Resources */ = {isa = PBXBuildFile; fileRef = 531A40291B072E24004363EA /* PraintIcon_76.png */; };
		531BDCEF1918EDAD00ABD7EB /* colorViewController.m in Sources */ = {isa = PBXBuildFile; fileRef = 531BDCEE1918EDAD00ABD7EB /* colorViewController.m */; };
		53340B7D199A1D37009ADA7A /* 木目（praint）.png in Resources */ = {isa = PBXBuildFile; fileRef = 53340B7C199A1D37009ADA7A /* 木目（praint）.png */; };
		53382243191493EA00E7D2AE /* Foundation.framework in Frameworks */ = {isa = PBXBuildFile; fileRef = 53382242191493EA00E7D2AE /* Foundation.framework */; };
		53382247191493EA00E7D2AE /* UIKit.framework in Frameworks */ = {isa = PBXBuildFile; fileRef = 53382246191493EA00E7D2AE /* UIKit.framework */; };
		5338224D191493EA00E7D2AE /* InfoPlist.strings in Resources */ = {isa = PBXBuildFile; fileRef = 5338224B191493EA00E7D2AE /* InfoPlist.strings */; };
		5338224F191493EA00E7D2AE /* main.m in Sources */ = {isa = PBXBuildFile; fileRef = 5338224E191493EA00E7D2AE /* main.m */; };
		53382253191493EA00E7D2AE /* AppDelegate.m in Sources */ = {isa = PBXBuildFile; fileRef = 53382252191493EA00E7D2AE /* AppDelegate.m */; };
		53382259191493EA00E7D2AE /* ViewController.m in Sources */ = {isa = PBXBuildFile; fileRef = 53382258191493EA00E7D2AE /* ViewController.m */; };
		5338225B191493EA00E7D2AE /* Images.xcassets in Resources */ = {isa = PBXBuildFile; fileRef = 5338225A191493EA00E7D2AE /* Images.xcassets */; };
		53382262191493EA00E7D2AE /* XCTest.framework in Frameworks */ = {isa = PBXBuildFile; fileRef = 53382261191493EA00E7D2AE /* XCTest.framework */; };
		53382263191493EA00E7D2AE /* Foundation.framework in Frameworks */ = {isa = PBXBuildFile; fileRef = 53382242191493EA00E7D2AE /* Foundation.framework */; };
		53382264191493EA00E7D2AE /* UIKit.framework in Frameworks */ = {isa = PBXBuildFile; fileRef = 53382246191493EA00E7D2AE /* UIKit.framework */; };
		5338226C191493EA00E7D2AE /* InfoPlist.strings in Resources */ = {isa = PBXBuildFile; fileRef = 5338226A191493EA00E7D2AE /* InfoPlist.strings */; };
		5338226E191493EA00E7D2AE /* practice_paintingTests.m in Sources */ = {isa = PBXBuildFile; fileRef = 5338226D191493EA00E7D2AE /* practice_paintingTests.m */; };
		533822791914B8AA00E7D2AE /* ボタン用板.png in Resources */ = {isa = PBXBuildFile; fileRef = 533822771914B8AA00E7D2AE /* ボタン用板.png */; };
		5338227A1914B8AA00E7D2AE /* 板目２（元）.png in Resources */ = {isa = PBXBuildFile; fileRef = 533822781914B8AA00E7D2AE /* 板目２（元）.png */; };
		5338EA641915D268005FE15C /* eraser2.png in Resources */ = {isa = PBXBuildFile; fileRef = 5338EA611915D268005FE15C /* eraser2.png */; };
		5338EA651915D268005FE15C /* floppy13.png in Resources */ = {isa = PBXBuildFile; fileRef = 5338EA621915D268005FE15C /* floppy13.png */; };
		5338EA6D1915D2A4005FE15C /* picture11.png in Resources */ = {isa = PBXBuildFile; fileRef = 5338EA691915D2A4005FE15C /* picture11.png */; };
		5338EA6E1915D2A4005FE15C /* refresh21.png in Resources */ = {isa = PBXBuildFile; fileRef = 5338EA6A1915D2A4005FE15C /* refresh21.png */; };
		5338EA721915D3E2005FE15C /* eyedropper2.png in Resources */ = {isa = PBXBuildFile; fileRef = 5338EA701915D3E2005FE15C /* eyedropper2.png */; };
		5338EA731915D3E2005FE15C /* loading.png in Resources */ = {isa = PBXBuildFile; fileRef = 5338EA711915D3E2005FE15C /* loading.png */; };
		533A75A81918624E004DBAE9 /* 木目（お絵描き練習）.png in Resources */ = {isa = PBXBuildFile; fileRef = 533A75A71918624E004DBAE9 /* 木目（お絵描き練習）.png */; };
		533A75AC19186561004DBAE9 /* 使い方ボタン.png in Resources */ = {isa = PBXBuildFile; fileRef = 533A75AB19186561004DBAE9 /* 使い方ボタン.png */; };
		533A75AE1918682F004DBAE9 /* スタートボタン.png in Resources */ = {isa = PBXBuildFile; fileRef = 533A75AD1918682F004DBAE9 /* スタートボタン.png */; };
		534FD5E41B2C0EFE00C5FB95 /* CoreData.framework in Frameworks */ = {isa = PBXBuildFile; fileRef = 534FD5E31B2C0EFE00C5FB95 /* CoreData.framework */; };
		536A2F081917C94500FBAEFE /* 背景.png in Resources */ = {isa = PBXBuildFile; fileRef = 536A2F061917C94500FBAEFE /* 背景.png */; };
		536A2F0E1917CADA00FBAEFE /* 使い方ボタン.png in Resources */ = {isa = PBXBuildFile; fileRef = 536A2F0D1917CADA00FBAEFE /* 使い方ボタン.png */; };
		536A2F111917CC1200FBAEFE /* ExplainViewController.m in Sources */ = {isa = PBXBuildFile; fileRef = 536A2F101917CC1200FBAEFE /* ExplainViewController.m */; };
		53751A0D19E7F62B00D7AA54 /* icon_58.png in Resources */ = {isa = PBXBuildFile; fileRef = 53751A0919E7F62B00D7AA54 /* icon_58.png */; };
		53751A0E19E7F62B00D7AA54 /* icon_80.png in Resources */ = {isa = PBXBuildFile; fileRef = 53751A0A19E7F62B00D7AA54 /* icon_80.png */; };
		53751A0F19E7F62B00D7AA54 /* icon_120.png in Resources */ = {isa = PBXBuildFile; fileRef = 53751A0B19E7F62B00D7AA54 /* icon_120.png */; };
		53751A1019E7F62B00D7AA54 /* icon_1024.png in Resources */ = {isa = PBXBuildFile; fileRef = 53751A0C19E7F62B00D7AA54 /* icon_1024.png */; };
		5379CF6019A1C75D001031B5 /* arrow430.png in Resources */ = {isa = PBXBuildFile; fileRef = 5379CF5F19A1C75D001031B5 /* arrow430.png */; };
		5379CF6219A1CB9F001031B5 /* Twitter.framework in Frameworks */ = {isa = PBXBuildFile; fileRef = 5379CF6119A1CB9F001031B5 /* Twitter.framework */; };
		5380400E1AC4DD0A00E04411 /* palette_ipad.png in Resources */ = {isa = PBXBuildFile; fileRef = 5380400D1AC4DD0A00E04411 /* palette_ipad.png */; };
		5382C9161AC236C1004F2CA6 /* palette_2.png in Resources */ = {isa = PBXBuildFile; fileRef = 5382C9151AC236C1004F2CA6 /* palette_2.png */; };
		53A633B91B198D1C00CB9C30 /* AudioToolbox.framework in Frameworks */ = {isa = PBXBuildFile; fileRef = 53A633B81B198D1C00CB9C30 /* AudioToolbox.framework */; };
		53A633BB1B198D2500CB9C30 /* CFNetwork.framework in Frameworks */ = {isa = PBXBuildFile; fileRef = 53A633BA1B198D2500CB9C30 /* CFNetwork.framework */; };
		53A633BD1B198D3700CB9C30 /* CoreLocation.framework in Frameworks */ = {isa = PBXBuildFile; fileRef = 53A633BC1B198D3700CB9C30 /* CoreLocation.framework */; };
		53A633BF1B198D4200CB9C30 /* MobileCoreServices.framework in Frameworks */ = {isa = PBXBuildFile; fileRef = 53A633BE1B198D4200CB9C30 /* MobileCoreServices.framework */; };
		53A633C11B198D5300CB9C30 /* Security.framework in Frameworks */ = {isa = PBXBuildFile; fileRef = 53A633C01B198D5300CB9C30 /* Security.framework */; };
		53A633C31B198D5D00CB9C30 /* StoreKit.framework in Frameworks */ = {isa = PBXBuildFile; fileRef = 53A633C21B198D5D00CB9C30 /* StoreKit.framework */; };
		53A633C51B198D6A00CB9C30 /* SystemConfiguration.framework in Frameworks */ = {isa = PBXBuildFile; fileRef = 53A633C41B198D6A00CB9C30 /* SystemConfiguration.framework */; };
		53A633C71B198D7A00CB9C30 /* libz.dylib in Frameworks */ = {isa = PBXBuildFile; fileRef = 53A633C61B198D7A00CB9C30 /* libz.dylib */; };
		53A633C91B198D8C00CB9C30 /* libsqlite3.dylib in Frameworks */ = {isa = PBXBuildFile; fileRef = 53A633C81B198D8C00CB9C30 /* libsqlite3.dylib */; };
		53A633CB1B198E3600CB9C30 /* Accounts.framework in Frameworks */ = {isa = PBXBuildFile; fileRef = 53A633CA1B198E3600CB9C30 /* Accounts.framework */; };
		53A633CC1B19945A00CB9C30 /* CoreGraphics.framework in Frameworks */ = {isa = PBXBuildFile; fileRef = 53382244191493EA00E7D2AE /* CoreGraphics.framework */; };
		53B6D64A1AC44C4200310806 /* brush7.png in Resources */ = {isa = PBXBuildFile; fileRef = 53B6D6481AC44C4200310806 /* brush7.png */; };
		53B6D64B1AC44C4200310806 /* paint8.png in Resources */ = {isa = PBXBuildFile; fileRef = 53B6D6491AC44C4200310806 /* paint8.png */; };
		53B6D64D1AC4565700310806 /* palette_3.png in Resources */ = {isa = PBXBuildFile; fileRef = 53B6D64C1AC4565700310806 /* palette_3.png */; };
		53B937B319A2F4C8000208C4 /* Social.framework in Frameworks */ = {isa = PBXBuildFile; fileRef = 53B937B219A2F4C8000208C4 /* Social.framework */; };
		53BDD3D51A8CF76D00CBA3D7 /* Main.storyboard in Resources */ = {isa = PBXBuildFile; fileRef = 53BDD3D31A8CF76D00CBA3D7 /* Main.storyboard */; };
		53C5B9781AC29D5D00CCD04F /* GoogleMobileAds.framework in Frameworks */ = {isa = PBXBuildFile; fileRef = 53C5B9771AC29D5D00CCD04F /* GoogleMobileAds.framework */; };
		53C778091A862F5D00378D7E /* palette.png in Resources */ = {isa = PBXBuildFile; fileRef = 53C778081A862F5D00378D7E /* palette.png */; };
		53D17B1619CC489A006C86C6 /* black393.png in Resources */ = {isa = PBXBuildFile; fileRef = 53D17B1219CC489A006C86C6 /* black393.png */; };
		53D17B1719CC489A006C86C6 /* eyedropper2.png in Resources */ = {isa = PBXBuildFile; fileRef = 53D17B1319CC489A006C86C6 /* eyedropper2.png */; };
		53D17B1919CC489A006C86C6 /* share.png in Resources */ = {isa = PBXBuildFile; fileRef = 53D17B1519CC489A006C86C6 /* share.png */; };
		53DFA7171A209BE100F3AFE8 /* PraintIcon_58.png in Resources */ = {isa = PBXBuildFile; fileRef = 53DFA7131A209BE100F3AFE8 /* PraintIcon_58.png */; };
		53DFA7181A209BE100F3AFE8 /* PraintIcon_80.png in Resources */ = {isa = PBXBuildFile; fileRef = 53DFA7141A209BE100F3AFE8 /* PraintIcon_80.png */; };
		53DFA7191A209BE100F3AFE8 /* PraintIcon_120.png in Resources */ = {isa = PBXBuildFile; fileRef = 53DFA7151A209BE100F3AFE8 /* PraintIcon_120.png */; };
		53DFA71A1A209BE100F3AFE8 /* PraintIcon_1024.png in Resources */ = {isa = PBXBuildFile; fileRef = 53DFA7161A209BE100F3AFE8 /* PraintIcon_1024.png */; };
		53FC324C19D58133000961C0 /* Storyboard-3.5Inch.storyboard in Resources */ = {isa = PBXBuildFile; fileRef = 53FC324B19D58133000961C0 /* Storyboard-3.5Inch.storyboard */; };
		53FFA5401ABFF4E6005E1A49 /* Storyboard-ipad.storyboard in Resources */ = {isa = PBXBuildFile; fileRef = 53FFA53F1ABFF4E6005E1A49 /* Storyboard-ipad.storyboard */; };
		53FFA5461AC00782005E1A49 /* round66.png in Resources */ = {isa = PBXBuildFile; fileRef = 53FFA5451AC00782005E1A49 /* round66.png */; };
		D0FA67447AB6C94915A63F30 /* libPods.a in Frameworks */ = {isa = PBXBuildFile; fileRef = 8123D7CD24F4289645983815 /* libPods.a */; };
/* End PBXBuildFile section */

/* Begin PBXContainerItemProxy section */
		53382265191493EA00E7D2AE /* PBXContainerItemProxy */ = {
			isa = PBXContainerItemProxy;
			containerPortal = 53382237191493E900E7D2AE /* Project object */;
			proxyType = 1;
			remoteGlobalIDString = 5338223E191493EA00E7D2AE;
			remoteInfo = practice_painting;
		};
/* End PBXContainerItemProxy section */

/* Begin PBXFileReference section */
		2C914BE1D8F190D657F6979E /* Pods.release.xcconfig */ = {isa = PBXFileReference; includeInIndex = 1; lastKnownFileType = text.xcconfig; name = Pods.release.xcconfig; path = "Pods/Target Support Files/Pods/Pods.release.xcconfig"; sourceTree = "<group>"; };
		531A3FA11AFF61C1004363EA /* 説明0.png */ = {isa = PBXFileReference; lastKnownFileType = image.png; path = "説明0.png"; sourceTree = "<group>"; };
		531A3FA21AFF61C1004363EA /* 説明1.png */ = {isa = PBXFileReference; lastKnownFileType = image.png; path = "説明1.png"; sourceTree = "<group>"; };
		531A3FA31AFF61C1004363EA /* 説明2.png */ = {isa = PBXFileReference; lastKnownFileType = image.png; path = "説明2.png"; sourceTree = "<group>"; };
		531A3FA41AFF61C1004363EA /* 説明3.png */ = {isa = PBXFileReference; lastKnownFileType = image.png; path = "説明3.png"; sourceTree = "<group>"; };
		531A3FA51AFF61C1004363EA /* 説明4.png */ = {isa = PBXFileReference; lastKnownFileType = image.png; path = "説明4.png"; sourceTree = "<group>"; };
		531A3FA61AFF61C1004363EA /* 説明5.png */ = {isa = PBXFileReference; lastKnownFileType = image.png; path = "説明5.png"; sourceTree = "<group>"; };
		531A3FDF1AFF7CF5004363EA /* QuartzCore.framework */ = {isa = PBXFileReference; lastKnownFileType = wrapper.framework; name = QuartzCore.framework; path = System/Library/Frameworks/QuartzCore.framework; sourceTree = SDKROOT; };
		531A3FE11AFF8091004363EA /* checkerboard.png */ = {isa = PBXFileReference; lastKnownFileType = image.png; path = checkerboard.png; sourceTree = "<group>"; };
		531A3FE21AFF8091004363EA /* checkerboard@2x.png */ = {isa = PBXFileReference; lastKnownFileType = image.png; path = "checkerboard@2x.png"; sourceTree = "<group>"; };
		531A3FE31AFF8091004363EA /* colorPickerKnob.png */ = {isa = PBXFileReference; lastKnownFileType = image.png; path = colorPickerKnob.png; sourceTree = "<group>"; };
		531A3FE41AFF8091004363EA /* colorPickerKnob@2x.png */ = {isa = PBXFileReference; lastKnownFileType = image.png; path = "colorPickerKnob@2x.png"; sourceTree = "<group>"; };
		531A3FE51AFF8091004363EA /* pickerColorWheel.png */ = {isa = PBXFileReference; lastKnownFileType = image.png; path = pickerColorWheel.png; sourceTree = "<group>"; };
		531A3FE61AFF8091004363EA /* pickerColorWheel@2x.png */ = {isa = PBXFileReference; lastKnownFileType = image.png; path = "pickerColorWheel@2x.png"; sourceTree = "<group>"; };
		531A40281B072E24004363EA /* PraintIcon_152.png */ = {isa = PBXFileReference; lastKnownFileType = image.png; path = PraintIcon_152.png; sourceTree = "<group>"; };
		531A40291B072E24004363EA /* PraintIcon_76.png */ = {isa = PBXFileReference; lastKnownFileType = image.png; path = PraintIcon_76.png; sourceTree = "<group>"; };
		531BDCED1918EDAD00ABD7EB /* colorViewController.h */ = {isa = PBXFileReference; fileEncoding = 4; lastKnownFileType = sourcecode.c.h; path = colorViewController.h; sourceTree = "<group>"; };
		531BDCEE1918EDAD00ABD7EB /* colorViewController.m */ = {isa = PBXFileReference; fileEncoding = 4; lastKnownFileType = sourcecode.c.objc; path = colorViewController.m; sourceTree = "<group>"; };
		53340B7C199A1D37009ADA7A /* 木目（praint）.png */ = {isa = PBXFileReference; lastKnownFileType = image.png; path = "木目（praint）.png"; sourceTree = "<group>"; };
		5338223F191493EA00E7D2AE /* praint.app */ = {isa = PBXFileReference; explicitFileType = wrapper.application; includeInIndex = 0; path = praint.app; sourceTree = BUILT_PRODUCTS_DIR; };
		53382242191493EA00E7D2AE /* Foundation.framework */ = {isa = PBXFileReference; lastKnownFileType = wrapper.framework; name = Foundation.framework; path = System/Library/Frameworks/Foundation.framework; sourceTree = SDKROOT; };
		53382244191493EA00E7D2AE /* CoreGraphics.framework */ = {isa = PBXFileReference; lastKnownFileType = wrapper.framework; name = CoreGraphics.framework; path = System/Library/Frameworks/CoreGraphics.framework; sourceTree = SDKROOT; };
		53382246191493EA00E7D2AE /* UIKit.framework */ = {isa = PBXFileReference; lastKnownFileType = wrapper.framework; name = UIKit.framework; path = System/Library/Frameworks/UIKit.framework; sourceTree = SDKROOT; };
		5338224A191493EA00E7D2AE /* praint-Info.plist */ = {isa = PBXFileReference; lastKnownFileType = text.plist.xml; path = "praint-Info.plist"; sourceTree = "<group>"; };
		5338224C191493EA00E7D2AE /* en */ = {isa = PBXFileReference; lastKnownFileType = text.plist.strings; name = en; path = en.lproj/InfoPlist.strings; sourceTree = "<group>"; };
		5338224E191493EA00E7D2AE /* main.m */ = {isa = PBXFileReference; lastKnownFileType = sourcecode.c.objc; path = main.m; sourceTree = "<group>"; };
		53382250191493EA00E7D2AE /* praint-Prefix.pch */ = {isa = PBXFileReference; lastKnownFileType = sourcecode.c.h; path = "praint-Prefix.pch"; sourceTree = "<group>"; };
		53382251191493EA00E7D2AE /* AppDelegate.h */ = {isa = PBXFileReference; lastKnownFileType = sourcecode.c.h; path = AppDelegate.h; sourceTree = "<group>"; };
		53382252191493EA00E7D2AE /* AppDelegate.m */ = {isa = PBXFileReference; lastKnownFileType = sourcecode.c.objc; path = AppDelegate.m; sourceTree = "<group>"; };
		53382257191493EA00E7D2AE /* ViewController.h */ = {isa = PBXFileReference; lastKnownFileType = sourcecode.c.h; path = ViewController.h; sourceTree = "<group>"; };
		53382258191493EA00E7D2AE /* ViewController.m */ = {isa = PBXFileReference; lastKnownFileType = sourcecode.c.objc; path = ViewController.m; sourceTree = "<group>"; };
		5338225A191493EA00E7D2AE /* Images.xcassets */ = {isa = PBXFileReference; lastKnownFileType = folder.assetcatalog; path = Images.xcassets; sourceTree = "<group>"; };
		53382260191493EA00E7D2AE /* praintTests.xctest */ = {isa = PBXFileReference; explicitFileType = wrapper.cfbundle; includeInIndex = 0; path = praintTests.xctest; sourceTree = BUILT_PRODUCTS_DIR; };
		53382261191493EA00E7D2AE /* XCTest.framework */ = {isa = PBXFileReference; lastKnownFileType = wrapper.framework; name = XCTest.framework; path = Library/Frameworks/XCTest.framework; sourceTree = DEVELOPER_DIR; };
		53382269191493EA00E7D2AE /* practice_painting_oldTests-Info.plist */ = {isa = PBXFileReference; lastKnownFileType = text.plist.xml; path = "practice_painting_oldTests-Info.plist"; sourceTree = "<group>"; };
		5338226B191493EA00E7D2AE /* en */ = {isa = PBXFileReference; lastKnownFileType = text.plist.strings; name = en; path = en.lproj/InfoPlist.strings; sourceTree = "<group>"; };
		5338226D191493EA00E7D2AE /* practice_paintingTests.m */ = {isa = PBXFileReference; lastKnownFileType = sourcecode.c.objc; path = practice_paintingTests.m; sourceTree = "<group>"; };
		533822771914B8AA00E7D2AE /* ボタン用板.png */ = {isa = PBXFileReference; lastKnownFileType = image.png; path = "ボタン用板.png"; sourceTree = "<group>"; };
		533822781914B8AA00E7D2AE /* 板目２（元）.png */ = {isa = PBXFileReference; lastKnownFileType = image.png; path = "板目２（元）.png"; sourceTree = "<group>"; };
		5338EA611915D268005FE15C /* eraser2.png */ = {isa = PBXFileReference; lastKnownFileType = image.png; path = eraser2.png; sourceTree = "<group>"; };
		5338EA621915D268005FE15C /* floppy13.png */ = {isa = PBXFileReference; lastKnownFileType = image.png; path = floppy13.png; sourceTree = "<group>"; };
		5338EA691915D2A4005FE15C /* picture11.png */ = {isa = PBXFileReference; lastKnownFileType = image.png; path = picture11.png; sourceTree = "<group>"; };
		5338EA6A1915D2A4005FE15C /* refresh21.png */ = {isa = PBXFileReference; lastKnownFileType = image.png; path = refresh21.png; sourceTree = "<group>"; };
		5338EA701915D3E2005FE15C /* eyedropper2.png */ = {isa = PBXFileReference; lastKnownFileType = image.png; path = eyedropper2.png; sourceTree = "<group>"; };
		5338EA711915D3E2005FE15C /* loading.png */ = {isa = PBXFileReference; lastKnownFileType = image.png; path = loading.png; sourceTree = "<group>"; };
		533A75A71918624E004DBAE9 /* 木目（お絵描き練習）.png */ = {isa = PBXFileReference; lastKnownFileType = image.png; path = "木目（お絵描き練習）.png"; sourceTree = "<group>"; };
		533A75AB19186561004DBAE9 /* 使い方ボタン.png */ = {isa = PBXFileReference; lastKnownFileType = image.png; path = "使い方ボタン.png"; sourceTree = "<group>"; };
		533A75AD1918682F004DBAE9 /* スタートボタン.png */ = {isa = PBXFileReference; lastKnownFileType = image.png; path = "スタートボタン.png"; sourceTree = "<group>"; };
		534FD5E31B2C0EFE00C5FB95 /* CoreData.framework */ = {isa = PBXFileReference; lastKnownFileType = wrapper.framework; name = CoreData.framework; path = System/Library/Frameworks/CoreData.framework; sourceTree = SDKROOT; };
		536A2F061917C94500FBAEFE /* 背景.png */ = {isa = PBXFileReference; lastKnownFileType = image.png; path = "背景.png"; sourceTree = "<group>"; };
		536A2F0D1917CADA00FBAEFE /* 使い方ボタン.png */ = {isa = PBXFileReference; lastKnownFileType = image.png; path = "使い方ボタン.png"; sourceTree = "<group>"; };
		536A2F0F1917CC1200FBAEFE /* ExplainViewController.h */ = {isa = PBXFileReference; fileEncoding = 4; lastKnownFileType = sourcecode.c.h; path = ExplainViewController.h; sourceTree = "<group>"; };
		536A2F101917CC1200FBAEFE /* ExplainViewController.m */ = {isa = PBXFileReference; fileEncoding = 4; lastKnownFileType = sourcecode.c.objc; path = ExplainViewController.m; sourceTree = "<group>"; };
		53751A0919E7F62B00D7AA54 /* icon_58.png */ = {isa = PBXFileReference; lastKnownFileType = image.png; path = icon_58.png; sourceTree = "<group>"; };
		53751A0A19E7F62B00D7AA54 /* icon_80.png */ = {isa = PBXFileReference; lastKnownFileType = image.png; path = icon_80.png; sourceTree = "<group>"; };
		53751A0B19E7F62B00D7AA54 /* icon_120.png */ = {isa = PBXFileReference; lastKnownFileType = image.png; path = icon_120.png; sourceTree = "<group>"; };
		53751A0C19E7F62B00D7AA54 /* icon_1024.png */ = {isa = PBXFileReference; lastKnownFileType = image.png; path = icon_1024.png; sourceTree = "<group>"; };
		5379CF5F19A1C75D001031B5 /* arrow430.png */ = {isa = PBXFileReference; lastKnownFileType = image.png; path = arrow430.png; sourceTree = "<group>"; };
		5379CF6119A1CB9F001031B5 /* Twitter.framework */ = {isa = PBXFileReference; lastKnownFileType = wrapper.framework; name = Twitter.framework; path = System/Library/Frameworks/Twitter.framework; sourceTree = SDKROOT; };
		5380400D1AC4DD0A00E04411 /* palette_ipad.png */ = {isa = PBXFileReference; lastKnownFileType = image.png; path = palette_ipad.png; sourceTree = "<group>"; };
		5382C9151AC236C1004F2CA6 /* palette_2.png */ = {isa = PBXFileReference; lastKnownFileType = image.png; path = palette_2.png; sourceTree = "<group>"; };
		53A633B81B198D1C00CB9C30 /* AudioToolbox.framework */ = {isa = PBXFileReference; lastKnownFileType = wrapper.framework; name = AudioToolbox.framework; path = System/Library/Frameworks/AudioToolbox.framework; sourceTree = SDKROOT; };
		53A633BA1B198D2500CB9C30 /* CFNetwork.framework */ = {isa = PBXFileReference; lastKnownFileType = wrapper.framework; name = CFNetwork.framework; path = System/Library/Frameworks/CFNetwork.framework; sourceTree = SDKROOT; };
		53A633BC1B198D3700CB9C30 /* CoreLocation.framework */ = {isa = PBXFileReference; lastKnownFileType = wrapper.framework; name = CoreLocation.framework; path = System/Library/Frameworks/CoreLocation.framework; sourceTree = SDKROOT; };
		53A633BE1B198D4200CB9C30 /* MobileCoreServices.framework */ = {isa = PBXFileReference; lastKnownFileType = wrapper.framework; name = MobileCoreServices.framework; path = System/Library/Frameworks/MobileCoreServices.framework; sourceTree = SDKROOT; };
		53A633C01B198D5300CB9C30 /* Security.framework */ = {isa = PBXFileReference; lastKnownFileType = wrapper.framework; name = Security.framework; path = System/Library/Frameworks/Security.framework; sourceTree = SDKROOT; };
		53A633C21B198D5D00CB9C30 /* StoreKit.framework */ = {isa = PBXFileReference; lastKnownFileType = wrapper.framework; name = StoreKit.framework; path = System/Library/Frameworks/StoreKit.framework; sourceTree = SDKROOT; };
		53A633C41B198D6A00CB9C30 /* SystemConfiguration.framework */ = {isa = PBXFileReference; lastKnownFileType = wrapper.framework; name = SystemConfiguration.framework; path = System/Library/Frameworks/SystemConfiguration.framework; sourceTree = SDKROOT; };
		53A633C61B198D7A00CB9C30 /* libz.dylib */ = {isa = PBXFileReference; lastKnownFileType = "compiled.mach-o.dylib"; name = libz.dylib; path = usr/lib/libz.dylib; sourceTree = SDKROOT; };
		53A633C81B198D8C00CB9C30 /* libsqlite3.dylib */ = {isa = PBXFileReference; lastKnownFileType = "compiled.mach-o.dylib"; name = libsqlite3.dylib; path = usr/lib/libsqlite3.dylib; sourceTree = SDKROOT; };
		53A633CA1B198E3600CB9C30 /* Accounts.framework */ = {isa = PBXFileReference; lastKnownFileType = wrapper.framework; name = Accounts.framework; path = System/Library/Frameworks/Accounts.framework; sourceTree = SDKROOT; };
		53B6D6481AC44C4200310806 /* brush7.png */ = {isa = PBXFileReference; lastKnownFileType = image.png; path = brush7.png; sourceTree = "<group>"; };
		53B6D6491AC44C4200310806 /* paint8.png */ = {isa = PBXFileReference; lastKnownFileType = image.png; path = paint8.png; sourceTree = "<group>"; };
		53B6D64C1AC4565700310806 /* palette_3.png */ = {isa = PBXFileReference; lastKnownFileType = image.png; path = palette_3.png; sourceTree = "<group>"; };
		53B937B219A2F4C8000208C4 /* Social.framework */ = {isa = PBXFileReference; lastKnownFileType = wrapper.framework; name = Social.framework; path = System/Library/Frameworks/Social.framework; sourceTree = SDKROOT; };
		53BDD3D41A8CF76D00CBA3D7 /* Base */ = {isa = PBXFileReference; lastKnownFileType = file.storyboard; name = Base; path = Base.lproj/Main.storyboard; sourceTree = "<group>"; };
		53C5B9771AC29D5D00CCD04F /* GoogleMobileAds.framework */ = {isa = PBXFileReference; lastKnownFileType = wrapper.framework; path = GoogleMobileAds.framework; sourceTree = "<group>"; };
		53C778081A862F5D00378D7E /* palette.png */ = {isa = PBXFileReference; lastKnownFileType = image.png; path = palette.png; sourceTree = "<group>"; };
		53D17B1219CC489A006C86C6 /* black393.png */ = {isa = PBXFileReference; lastKnownFileType = image.png; path = black393.png; sourceTree = "<group>"; };
		53D17B1319CC489A006C86C6 /* eyedropper2.png */ = {isa = PBXFileReference; lastKnownFileType = image.png; path = eyedropper2.png; sourceTree = "<group>"; };
		53D17B1519CC489A006C86C6 /* share.png */ = {isa = PBXFileReference; lastKnownFileType = image.png; path = share.png; sourceTree = "<group>"; };
		53DFA7131A209BE100F3AFE8 /* PraintIcon_58.png */ = {isa = PBXFileReference; lastKnownFileType = image.png; path = PraintIcon_58.png; sourceTree = "<group>"; };
		53DFA7141A209BE100F3AFE8 /* PraintIcon_80.png */ = {isa = PBXFileReference; lastKnownFileType = image.png; path = PraintIcon_80.png; sourceTree = "<group>"; };
		53DFA7151A209BE100F3AFE8 /* PraintIcon_120.png */ = {isa = PBXFileReference; lastKnownFileType = image.png; path = PraintIcon_120.png; sourceTree = "<group>"; };
		53DFA7161A209BE100F3AFE8 /* PraintIcon_1024.png */ = {isa = PBXFileReference; lastKnownFileType = image.png; path = PraintIcon_1024.png; sourceTree = "<group>"; };
		53FC324B19D58133000961C0 /* Storyboard-3.5Inch.storyboard */ = {isa = PBXFileReference; fileEncoding = 4; lastKnownFileType = file.storyboard; path = "Storyboard-3.5Inch.storyboard"; sourceTree = "<group>"; };
		53FFA53F1ABFF4E6005E1A49 /* Storyboard-ipad.storyboard */ = {isa = PBXFileReference; fileEncoding = 4; lastKnownFileType = file.storyboard; path = "Storyboard-ipad.storyboard"; sourceTree = "<group>"; };
		53FFA5451AC00782005E1A49 /* round66.png */ = {isa = PBXFileReference; lastKnownFileType = image.png; path = round66.png; sourceTree = "<group>"; };
		8123D7CD24F4289645983815 /* libPods.a */ = {isa = PBXFileReference; explicitFileType = archive.ar; includeInIndex = 0; path = libPods.a; sourceTree = BUILT_PRODUCTS_DIR; };
		DE58216FC52EDBDD73E219E8 /* Pods.debug.xcconfig */ = {isa = PBXFileReference; includeInIndex = 1; lastKnownFileType = text.xcconfig; name = Pods.debug.xcconfig; path = "Pods/Target Support Files/Pods/Pods.debug.xcconfig"; sourceTree = "<group>"; };
/* End PBXFileReference section */

/* Begin PBXFrameworksBuildPhase section */
		5338223C191493EA00E7D2AE /* Frameworks */ = {
			isa = PBXFrameworksBuildPhase;
			buildActionMask = 2147483647;
			files = (
				53B937B319A2F4C8000208C4 /* Social.framework in Frameworks */,
				53A633CB1B198E3600CB9C30 /* Accounts.framework in Frameworks */,
				53A633C91B198D8C00CB9C30 /* libsqlite3.dylib in Frameworks */,
				53A633C31B198D5D00CB9C30 /* StoreKit.framework in Frameworks */,
				53A633C11B198D5300CB9C30 /* Security.framework in Frameworks */,
				531A3FE01AFF7CF5004363EA /* QuartzCore.framework in Frameworks */,
				53A633BF1B198D4200CB9C30 /* MobileCoreServices.framework in Frameworks */,
				53A633BD1B198D3700CB9C30 /* CoreLocation.framework in Frameworks */,
				53A633BB1B198D2500CB9C30 /* CFNetwork.framework in Frameworks */,
				53A633B91B198D1C00CB9C30 /* AudioToolbox.framework in Frameworks */,
				D0FA67447AB6C94915A63F30 /* libPods.a in Frameworks */,
				5379CF6219A1CB9F001031B5 /* Twitter.framework in Frameworks */,
				53C5B9781AC29D5D00CCD04F /* GoogleMobileAds.framework in Frameworks */,
				53A633CC1B19945A00CB9C30 /* CoreGraphics.framework in Frameworks */,
				53382247191493EA00E7D2AE /* UIKit.framework in Frameworks */,
				53382243191493EA00E7D2AE /* Foundation.framework in Frameworks */,
				534FD5E41B2C0EFE00C5FB95 /* CoreData.framework in Frameworks */,
				53A633C51B198D6A00CB9C30 /* SystemConfiguration.framework in Frameworks */,
				53A633C71B198D7A00CB9C30 /* libz.dylib in Frameworks */,
			);
			runOnlyForDeploymentPostprocessing = 0;
		};
		5338225D191493EA00E7D2AE /* Frameworks */ = {
			isa = PBXFrameworksBuildPhase;
			buildActionMask = 2147483647;
			files = (
				53382262191493EA00E7D2AE /* XCTest.framework in Frameworks */,
				53382264191493EA00E7D2AE /* UIKit.framework in Frameworks */,
				53382263191493EA00E7D2AE /* Foundation.framework in Frameworks */,
			);
			runOnlyForDeploymentPostprocessing = 0;
		};
/* End PBXFrameworksBuildPhase section */

/* Begin PBXGroup section */
		53382236191493E900E7D2AE = {
			isa = PBXGroup;
			children = (
				53C5B9771AC29D5D00CCD04F /* GoogleMobileAds.framework */,
				53382248191493EA00E7D2AE /* practice_painting */,
				53382267191493EA00E7D2AE /* practice_paintingTests */,
				53382241191493EA00E7D2AE /* Frameworks */,
				53382240191493EA00E7D2AE /* Products */,
				CD1710B1D93FB627BF2D3E8E /* Pods */,
			);
			sourceTree = "<group>";
		};
		53382240191493EA00E7D2AE /* Products */ = {
			isa = PBXGroup;
			children = (
				5338223F191493EA00E7D2AE /* praint.app */,
				53382260191493EA00E7D2AE /* praintTests.xctest */,
			);
			name = Products;
			sourceTree = "<group>";
		};
		53382241191493EA00E7D2AE /* Frameworks */ = {
			isa = PBXGroup;
			children = (
				534FD5E31B2C0EFE00C5FB95 /* CoreData.framework */,
				53A633CA1B198E3600CB9C30 /* Accounts.framework */,
				53A633C81B198D8C00CB9C30 /* libsqlite3.dylib */,
				53A633C61B198D7A00CB9C30 /* libz.dylib */,
				53A633C41B198D6A00CB9C30 /* SystemConfiguration.framework */,
				53A633C21B198D5D00CB9C30 /* StoreKit.framework */,
				53A633C01B198D5300CB9C30 /* Security.framework */,
				53A633BE1B198D4200CB9C30 /* MobileCoreServices.framework */,
				53A633BC1B198D3700CB9C30 /* CoreLocation.framework */,
				53A633BA1B198D2500CB9C30 /* CFNetwork.framework */,
				53A633B81B198D1C00CB9C30 /* AudioToolbox.framework */,
				531A3FDF1AFF7CF5004363EA /* QuartzCore.framework */,
				53B937B219A2F4C8000208C4 /* Social.framework */,
				5379CF6119A1CB9F001031B5 /* Twitter.framework */,
				53382242191493EA00E7D2AE /* Foundation.framework */,
				53382244191493EA00E7D2AE /* CoreGraphics.framework */,
				53382246191493EA00E7D2AE /* UIKit.framework */,
				53382261191493EA00E7D2AE /* XCTest.framework */,
				8123D7CD24F4289645983815 /* libPods.a */,
			);
			name = Frameworks;
			sourceTree = "<group>";
		};
		53382248191493EA00E7D2AE /* practice_painting */ = {
			isa = PBXGroup;
			children = (
				5338EA6F1915D2B0005FE15C /* pic */,
				53382251191493EA00E7D2AE /* AppDelegate.h */,
				53382252191493EA00E7D2AE /* AppDelegate.m */,
				53FC324B19D58133000961C0 /* Storyboard-3.5Inch.storyboard */,
				53FFA53F1ABFF4E6005E1A49 /* Storyboard-ipad.storyboard */,
				53BDD3D31A8CF76D00CBA3D7 /* Main.storyboard */,
				531BDCED1918EDAD00ABD7EB /* colorViewController.h */,
				531BDCEE1918EDAD00ABD7EB /* colorViewController.m */,
				536A2F0F1917CC1200FBAEFE /* ExplainViewController.h */,
				536A2F101917CC1200FBAEFE /* ExplainViewController.m */,
				53382257191493EA00E7D2AE /* ViewController.h */,
				53382258191493EA00E7D2AE /* ViewController.m */,
				5338225A191493EA00E7D2AE /* Images.xcassets */,
				53382249191493EA00E7D2AE /* Supporting Files */,
			);
			path = practice_painting;
			sourceTree = "<group>";
		};
		53382249191493EA00E7D2AE /* Supporting Files */ = {
			isa = PBXGroup;
			children = (
				5338224A191493EA00E7D2AE /* praint-Info.plist */,
				5338224B191493EA00E7D2AE /* InfoPlist.strings */,
				5338224E191493EA00E7D2AE /* main.m */,
				53382250191493EA00E7D2AE /* praint-Prefix.pch */,
			);
			name = "Supporting Files";
			sourceTree = "<group>";
		};
		53382267191493EA00E7D2AE /* practice_paintingTests */ = {
			isa = PBXGroup;
			children = (
				5338226D191493EA00E7D2AE /* practice_paintingTests.m */,
				53382268191493EA00E7D2AE /* Supporting Files */,
			);
			path = practice_paintingTests;
			sourceTree = "<group>";
		};
		53382268191493EA00E7D2AE /* Supporting Files */ = {
			isa = PBXGroup;
			children = (
				53382269191493EA00E7D2AE /* practice_painting_oldTests-Info.plist */,
				5338226A191493EA00E7D2AE /* InfoPlist.strings */,
			);
			name = "Supporting Files";
			sourceTree = "<group>";
		};
		5338EA6F1915D2B0005FE15C /* pic */ = {
			isa = PBXGroup;
			children = (
				531A40281B072E24004363EA /* PraintIcon_152.png */,
				531A40291B072E24004363EA /* PraintIcon_76.png */,
				531A3FE11AFF8091004363EA /* checkerboard.png */,
				531A3FE21AFF8091004363EA /* checkerboard@2x.png */,
				531A3FE31AFF8091004363EA /* colorPickerKnob.png */,
				531A3FE41AFF8091004363EA /* colorPickerKnob@2x.png */,
				531A3FE51AFF8091004363EA /* pickerColorWheel.png */,
				531A3FE61AFF8091004363EA /* pickerColorWheel@2x.png */,
				531A3FA11AFF61C1004363EA /* 説明0.png */,
				531A3FA21AFF61C1004363EA /* 説明1.png */,
				531A3FA31AFF61C1004363EA /* 説明2.png */,
				531A3FA41AFF61C1004363EA /* 説明3.png */,
				531A3FA51AFF61C1004363EA /* 説明4.png */,
				531A3FA61AFF61C1004363EA /* 説明5.png */,
				5380400D1AC4DD0A00E04411 /* palette_ipad.png */,
				53B6D64C1AC4565700310806 /* palette_3.png */,
				53B6D6481AC44C4200310806 /* brush7.png */,
				53B6D6491AC44C4200310806 /* paint8.png */,
				5382C9151AC236C1004F2CA6 /* palette_2.png */,
				53FFA5451AC00782005E1A49 /* round66.png */,
				53C778081A862F5D00378D7E /* palette.png */,
				53DFA7131A209BE100F3AFE8 /* PraintIcon_58.png */,
				53DFA7141A209BE100F3AFE8 /* PraintIcon_80.png */,
				53DFA7151A209BE100F3AFE8 /* PraintIcon_120.png */,
				53DFA7161A209BE100F3AFE8 /* PraintIcon_1024.png */,
				53751A0919E7F62B00D7AA54 /* icon_58.png */,
				53751A0A19E7F62B00D7AA54 /* icon_80.png */,
				53751A0B19E7F62B00D7AA54 /* icon_120.png */,
				53751A0C19E7F62B00D7AA54 /* icon_1024.png */,
				53D17B1219CC489A006C86C6 /* black393.png */,
				53D17B1319CC489A006C86C6 /* eyedropper2.png */,
				53D17B1519CC489A006C86C6 /* share.png */,
				5379CF5F19A1C75D001031B5 /* arrow430.png */,
				53340B7C199A1D37009ADA7A /* 木目（praint）.png */,
				533A75AD1918682F004DBAE9 /* スタートボタン.png */,
				533A75AB19186561004DBAE9 /* 使い方ボタン.png */,
				533A75A71918624E004DBAE9 /* 木目（お絵描き練習）.png */,
				536A2F0D1917CADA00FBAEFE /* 使い方ボタン.png */,
				536A2F061917C94500FBAEFE /* 背景.png */,
				5338EA701915D3E2005FE15C /* eyedropper2.png */,
				5338EA711915D3E2005FE15C /* loading.png */,
				5338EA691915D2A4005FE15C /* picture11.png */,
				5338EA6A1915D2A4005FE15C /* refresh21.png */,
				5338EA611915D268005FE15C /* eraser2.png */,
				5338EA621915D268005FE15C /* floppy13.png */,
				533822771914B8AA00E7D2AE /* ボタン用板.png */,
				533822781914B8AA00E7D2AE /* 板目２（元）.png */,
			);
			name = pic;
			sourceTree = "<group>";
		};
		CD1710B1D93FB627BF2D3E8E /* Pods */ = {
			isa = PBXGroup;
			children = (
				DE58216FC52EDBDD73E219E8 /* Pods.debug.xcconfig */,
				2C914BE1D8F190D657F6979E /* Pods.release.xcconfig */,
			);
			name = Pods;
			sourceTree = "<group>";
		};
/* End PBXGroup section */

/* Begin PBXNativeTarget section */
		5338223E191493EA00E7D2AE /* praint */ = {
			isa = PBXNativeTarget;
			buildConfigurationList = 53382271191493EA00E7D2AE /* Build configuration list for PBXNativeTarget "praint" */;
			buildPhases = (
				27778AC53C837965D70037BA /* Check Pods Manifest.lock */,
				5338223B191493EA00E7D2AE /* Sources */,
				5338223C191493EA00E7D2AE /* Frameworks */,
				5338223D191493EA00E7D2AE /* Resources */,
				E4E0098AC7A322AEE77E7D5D /* Copy Pods Resources */,
			);
			buildRules = (
			);
			dependencies = (
			);
			name = praint;
			productName = practice_painting;
			productReference = 5338223F191493EA00E7D2AE /* praint.app */;
			productType = "com.apple.product-type.application";
		};
		5338225F191493EA00E7D2AE /* praintTests */ = {
			isa = PBXNativeTarget;
			buildConfigurationList = 53382274191493EA00E7D2AE /* Build configuration list for PBXNativeTarget "praintTests" */;
			buildPhases = (
				5338225C191493EA00E7D2AE /* Sources */,
				5338225D191493EA00E7D2AE /* Frameworks */,
				5338225E191493EA00E7D2AE /* Resources */,
			);
			buildRules = (
			);
			dependencies = (
				53382266191493EA00E7D2AE /* PBXTargetDependency */,
			);
			name = praintTests;
			productName = practice_paintingTests;
			productReference = 53382260191493EA00E7D2AE /* praintTests.xctest */;
			productType = "com.apple.product-type.bundle.unit-test";
		};
/* End PBXNativeTarget section */

/* Begin PBXProject section */
		53382237191493E900E7D2AE /* Project object */ = {
			isa = PBXProject;
			attributes = {
				LastUpgradeCheck = 0510;
				ORGANIZATIONNAME = "石井　建世";
				TargetAttributes = {
					5338223E191493EA00E7D2AE = {
						DevelopmentTeam = 4AW3TGVZKV;
					};
					5338225F191493EA00E7D2AE = {
						TestTargetID = 5338223E191493EA00E7D2AE;
					};
				};
			};
			buildConfigurationList = 5338223A191493E900E7D2AE /* Build configuration list for PBXProject "praint" */;
			compatibilityVersion = "Xcode 3.2";
			developmentRegion = English;
			hasScannedForEncodings = 0;
			knownRegions = (
				en,
				Base,
			);
			mainGroup = 53382236191493E900E7D2AE;
			productRefGroup = 53382240191493EA00E7D2AE /* Products */;
			projectDirPath = "";
			projectRoot = "";
			targets = (
				5338223E191493EA00E7D2AE /* praint */,
				5338225F191493EA00E7D2AE /* praintTests */,
			);
		};
/* End PBXProject section */

/* Begin PBXResourcesBuildPhase section */
		5338223D191493EA00E7D2AE /* Resources */ = {
			isa = PBXResourcesBuildPhase;
			buildActionMask = 2147483647;
			files = (
				536A2F0E1917CADA00FBAEFE /* 使い方ボタン.png in Resources */,
				531A402A1B072E24004363EA /* PraintIcon_152.png in Resources */,
				536A2F081917C94500FBAEFE /* 背景.png in Resources */,
				53D17B1919CC489A006C86C6 /* share.png in Resources */,
				53DFA71A1A209BE100F3AFE8 /* PraintIcon_1024.png in Resources */,
				53751A1019E7F62B00D7AA54 /* icon_1024.png in Resources */,
				531A3FE81AFF8091004363EA /* checkerboard@2x.png in Resources */,
				53DFA7171A209BE100F3AFE8 /* PraintIcon_58.png in Resources */,
				53DFA7191A209BE100F3AFE8 /* PraintIcon_120.png in Resources */,
				531A3FEC1AFF8091004363EA /* pickerColorWheel@2x.png in Resources */,
				533A75AE1918682F004DBAE9 /* スタートボタン.png in Resources */,
				53FFA5461AC00782005E1A49 /* round66.png in Resources */,
				531A3FAC1AFF61C1004363EA /* 説明5.png in Resources */,
				531A3FAB1AFF61C1004363EA /* 説明4.png in Resources */,
				5380400E1AC4DD0A00E04411 /* palette_ipad.png in Resources */,
				53340B7D199A1D37009ADA7A /* 木目（praint）.png in Resources */,
				53751A0D19E7F62B00D7AA54 /* icon_58.png in Resources */,
				53FFA5401ABFF4E6005E1A49 /* Storyboard-ipad.storyboard in Resources */,
				5338225B191493EA00E7D2AE /* Images.xcassets in Resources */,
				5338EA6E1915D2A4005FE15C /* refresh21.png in Resources */,
				53FC324C19D58133000961C0 /* Storyboard-3.5Inch.storyboard in Resources */,
				53B6D64A1AC44C4200310806 /* brush7.png in Resources */,
				53BDD3D51A8CF76D00CBA3D7 /* Main.storyboard in Resources */,
				5338EA651915D268005FE15C /* floppy13.png in Resources */,
				5338EA731915D3E2005FE15C /* loading.png in Resources */,
				5382C9161AC236C1004F2CA6 /* palette_2.png in Resources */,
				533A75AC19186561004DBAE9 /* 使い方ボタン.png in Resources */,
				5338227A1914B8AA00E7D2AE /* 板目２（元）.png in Resources */,
				531A3FEA1AFF8091004363EA /* colorPickerKnob@2x.png in Resources */,
				533A75A81918624E004DBAE9 /* 木目（お絵描き練習）.png in Resources */,
				5379CF6019A1C75D001031B5 /* arrow430.png in Resources */,
				53B6D64B1AC44C4200310806 /* paint8.png in Resources */,
				531A3FEB1AFF8091004363EA /* pickerColorWheel.png in Resources */,
				531A3FA81AFF61C1004363EA /* 説明1.png in Resources */,
				5338EA641915D268005FE15C /* eraser2.png in Resources */,
				53C778091A862F5D00378D7E /* palette.png in Resources */,
				53B6D64D1AC4565700310806 /* palette_3.png in Resources */,
				5338224D191493EA00E7D2AE /* InfoPlist.strings in Resources */,
				533822791914B8AA00E7D2AE /* ボタン用板.png in Resources */,
				531A402B1B072E24004363EA /* PraintIcon_76.png in Resources */,
				531A3FA91AFF61C1004363EA /* 説明2.png in Resources */,
				531A3FA71AFF61C1004363EA /* 説明0.png in Resources */,
				531A3FAA1AFF61C1004363EA /* 説明3.png in Resources */,
				5338EA6D1915D2A4005FE15C /* picture11.png in Resources */,
				531A3FE71AFF8091004363EA /* checkerboard.png in Resources */,
				53751A0F19E7F62B00D7AA54 /* icon_120.png in Resources */,
				53DFA7181A209BE100F3AFE8 /* PraintIcon_80.png in Resources */,
				531A3FE91AFF8091004363EA /* colorPickerKnob.png in Resources */,
				53D17B1619CC489A006C86C6 /* black393.png in Resources */,
				5338EA721915D3E2005FE15C /* eyedropper2.png in Resources */,
				53D17B1719CC489A006C86C6 /* eyedropper2.png in Resources */,
				53751A0E19E7F62B00D7AA54 /* icon_80.png in Resources */,
			);
			runOnlyForDeploymentPostprocessing = 0;
		};
		5338225E191493EA00E7D2AE /* Resources */ = {
			isa = PBXResourcesBuildPhase;
			buildActionMask = 2147483647;
			files = (
				5338226C191493EA00E7D2AE /* InfoPlist.strings in Resources */,
			);
			runOnlyForDeploymentPostprocessing = 0;
		};
/* End PBXResourcesBuildPhase section */

/* Begin PBXShellScriptBuildPhase section */
		27778AC53C837965D70037BA /* Check Pods Manifest.lock */ = {
			isa = PBXShellScriptBuildPhase;
			buildActionMask = 2147483647;
			files = (
			);
			inputPaths = (
			);
			name = "Check Pods Manifest.lock";
			outputPaths = (
			);
			runOnlyForDeploymentPostprocessing = 0;
			shellPath = /bin/sh;
			shellScript = "diff \"${PODS_ROOT}/../Podfile.lock\" \"${PODS_ROOT}/Manifest.lock\" > /dev/null\nif [[ $? != 0 ]] ; then\n    cat << EOM\nerror: The sandbox is not in sync with the Podfile.lock. Run 'pod install' or update your CocoaPods installation.\nEOM\n    exit 1\nfi\n";
			showEnvVarsInLog = 0;
		};
		E4E0098AC7A322AEE77E7D5D /* Copy Pods Resources */ = {
			isa = PBXShellScriptBuildPhase;
			buildActionMask = 2147483647;
			files = (
			);
			inputPaths = (
			);
			name = "Copy Pods Resources";
			outputPaths = (
			);
			runOnlyForDeploymentPostprocessing = 0;
			shellPath = /bin/sh;
			shellScript = "\"${SRCROOT}/Pods/Target Support Files/Pods/Pods-resources.sh\"\n";
			showEnvVarsInLog = 0;
		};
/* End PBXShellScriptBuildPhase section */

/* Begin PBXSourcesBuildPhase section */
		5338223B191493EA00E7D2AE /* Sources */ = {
			isa = PBXSourcesBuildPhase;
			buildActionMask = 2147483647;
			files = (
				53382259191493EA00E7D2AE /* ViewController.m in Sources */,
				536A2F111917CC1200FBAEFE /* ExplainViewController.m in Sources */,
				531BDCEF1918EDAD00ABD7EB /* colorViewController.m in Sources */,
				53382253191493EA00E7D2AE /* AppDelegate.m in Sources */,
				5338224F191493EA00E7D2AE /* main.m in Sources */,
			);
			runOnlyForDeploymentPostprocessing = 0;
		};
		5338225C191493EA00E7D2AE /* Sources */ = {
			isa = PBXSourcesBuildPhase;
			buildActionMask = 2147483647;
			files = (
				5338226E191493EA00E7D2AE /* practice_paintingTests.m in Sources */,
			);
			runOnlyForDeploymentPostprocessing = 0;
		};
/* End PBXSourcesBuildPhase section */

/* Begin PBXTargetDependency section */
		53382266191493EA00E7D2AE /* PBXTargetDependency */ = {
			isa = PBXTargetDependency;
			target = 5338223E191493EA00E7D2AE /* praint */;
			targetProxy = 53382265191493EA00E7D2AE /* PBXContainerItemProxy */;
		};
/* End PBXTargetDependency section */

/* Begin PBXVariantGroup section */
		5338224B191493EA00E7D2AE /* InfoPlist.strings */ = {
			isa = PBXVariantGroup;
			children = (
				5338224C191493EA00E7D2AE /* en */,
			);
			name = InfoPlist.strings;
			sourceTree = "<group>";
		};
		5338226A191493EA00E7D2AE /* InfoPlist.strings */ = {
			isa = PBXVariantGroup;
			children = (
				5338226B191493EA00E7D2AE /* en */,
			);
			name = InfoPlist.strings;
			sourceTree = "<group>";
		};
		53BDD3D31A8CF76D00CBA3D7 /* Main.storyboard */ = {
			isa = PBXVariantGroup;
			children = (
				53BDD3D41A8CF76D00CBA3D7 /* Base */,
			);
			name = Main.storyboard;
			sourceTree = "<group>";
		};
/* End PBXVariantGroup section */

/* Begin XCBuildConfiguration section */
		5338226F191493EA00E7D2AE /* Debug */ = {
			isa = XCBuildConfiguration;
			buildSettings = {
				ALWAYS_SEARCH_USER_PATHS = NO;
				CLANG_CXX_LANGUAGE_STANDARD = "gnu++0x";
				CLANG_CXX_LIBRARY = "libc++";
				CLANG_ENABLE_MODULES = YES;
				CLANG_ENABLE_OBJC_ARC = YES;
				CLANG_WARN_BOOL_CONVERSION = YES;
				CLANG_WARN_CONSTANT_CONVERSION = YES;
				CLANG_WARN_DIRECT_OBJC_ISA_USAGE = YES_ERROR;
				CLANG_WARN_EMPTY_BODY = YES;
				CLANG_WARN_ENUM_CONVERSION = YES;
				CLANG_WARN_INT_CONVERSION = YES;
				CLANG_WARN_OBJC_ROOT_CLASS = YES_ERROR;
				CLANG_WARN__DUPLICATE_METHOD_MATCH = YES;
				"CODE_SIGN_IDENTITY[sdk=iphoneos*]" = "iPhone Developer";
				COPY_PHASE_STRIP = NO;
				GCC_C_LANGUAGE_STANDARD = gnu99;
				GCC_DYNAMIC_NO_PIC = NO;
				GCC_OPTIMIZATION_LEVEL = 0;
				GCC_PREPROCESSOR_DEFINITIONS = (
					"DEBUG=1",
					"$(inherited)",
				);
				GCC_SYMBOLS_PRIVATE_EXTERN = NO;
				GCC_WARN_64_TO_32_BIT_CONVERSION = YES;
				GCC_WARN_ABOUT_RETURN_TYPE = YES_ERROR;
				GCC_WARN_UNDECLARED_SELECTOR = YES;
				GCC_WARN_UNINITIALIZED_AUTOS = YES_AGGRESSIVE;
				GCC_WARN_UNUSED_FUNCTION = YES;
				GCC_WARN_UNUSED_VARIABLE = YES;
				IPHONEOS_DEPLOYMENT_TARGET = 7.1;
				ONLY_ACTIVE_ARCH = YES;
				OTHER_LDFLAGS = (
					"$(inherited)",
					"-ObjC",
					"-l\"Pods-BFPaperCheckbox\"",
					"-l\"Pods-ICETutorial\"",
					"-l\"Pods-UIColor+BFPaperColors\"",
					"-framework",
					"\"AVFoundation\"",
					"-framework",
					"\"AudioToolbox\"",
					"-framework",
					"\"CoreGraphics\"",
					"-framework",
					"\"CoreTelephony\"",
					"-framework",
					"\"EventKit\"",
					"-framework",
					"\"EventKitUI\"",
					"-framework",
					"\"GoogleMobileAds\"",
					"-framework",
					"\"MessageUI\"",
					"-framework",
					"\"QuartzCore\"",
					"-framework",
					"\"StoreKit\"",
					"-framework",
					"\"SystemConfiguration\"",
					"-framework",
					"\"UIKit\"",
					"-weak_framework",
					"\"AdSupport\"",
				);
				SDKROOT = iphoneos;
			};
			name = Debug;
		};
		53382270191493EA00E7D2AE /* Release */ = {
			isa = XCBuildConfiguration;
			buildSettings = {
				ALWAYS_SEARCH_USER_PATHS = NO;
				CLANG_CXX_LANGUAGE_STANDARD = "gnu++0x";
				CLANG_CXX_LIBRARY = "libc++";
				CLANG_ENABLE_MODULES = YES;
				CLANG_ENABLE_OBJC_ARC = YES;
				CLANG_WARN_BOOL_CONVERSION = YES;
				CLANG_WARN_CONSTANT_CONVERSION = YES;
				CLANG_WARN_DIRECT_OBJC_ISA_USAGE = YES_ERROR;
				CLANG_WARN_EMPTY_BODY = YES;
				CLANG_WARN_ENUM_CONVERSION = YES;
				CLANG_WARN_INT_CONVERSION = YES;
				CLANG_WARN_OBJC_ROOT_CLASS = YES_ERROR;
				CLANG_WARN__DUPLICATE_METHOD_MATCH = YES;
				"CODE_SIGN_IDENTITY[sdk=iphoneos*]" = "iPhone Developer";
				COPY_PHASE_STRIP = YES;
				ENABLE_NS_ASSERTIONS = NO;
				GCC_C_LANGUAGE_STANDARD = gnu99;
				GCC_WARN_64_TO_32_BIT_CONVERSION = YES;
				GCC_WARN_ABOUT_RETURN_TYPE = YES_ERROR;
				GCC_WARN_UNDECLARED_SELECTOR = YES;
				GCC_WARN_UNINITIALIZED_AUTOS = YES_AGGRESSIVE;
				GCC_WARN_UNUSED_FUNCTION = YES;
				GCC_WARN_UNUSED_VARIABLE = YES;
				IPHONEOS_DEPLOYMENT_TARGET = 7.1;
				OTHER_LDFLAGS = (
					"$(inherited)",
					"-ObjC",
					"-l\"Pods-BFPaperCheckbox\"",
					"-l\"Pods-ICETutorial\"",
					"-l\"Pods-UIColor+BFPaperColors\"",
					"-framework",
					"\"AVFoundation\"",
					"-framework",
					"\"AudioToolbox\"",
					"-framework",
					"\"CoreGraphics\"",
					"-framework",
					"\"CoreTelephony\"",
					"-framework",
					"\"EventKit\"",
					"-framework",
					"\"EventKitUI\"",
					"-framework",
					"\"GoogleMobileAds\"",
					"-framework",
					"\"MessageUI\"",
					"-framework",
					"\"QuartzCore\"",
					"-framework",
					"\"StoreKit\"",
					"-framework",
					"\"SystemConfiguration\"",
					"-framework",
					"\"UIKit\"",
					"-weak_framework",
					"\"AdSupport\"",
				);
				SDKROOT = iphoneos;
				VALIDATE_PRODUCT = YES;
			};
			name = Release;
		};
		53382272191493EA00E7D2AE /* Debug */ = {
			isa = XCBuildConfiguration;
			baseConfigurationReference = DE58216FC52EDBDD73E219E8 /* Pods.debug.xcconfig */;
			buildSettings = {
				ASSETCATALOG_COMPILER_APPICON_NAME = AppIcon;
				ASSETCATALOG_COMPILER_LAUNCHIMAGE_NAME = LaunchImage;
				CODE_SIGN_IDENTITY = "iPhone Developer";
				"CODE_SIGN_IDENTITY[sdk=iphoneos*]" = "iPhone Developer";
				FRAMEWORK_SEARCH_PATHS = (
					"$(inherited)",
					"$(PROJECT_DIR)",
				);
				GCC_PRECOMPILE_PREFIX_HEADER = YES;
				GCC_PREFIX_HEADER = "practice_painting/praint-Prefix.pch";
				INFOPLIST_FILE = "practice_painting/praint-Info.plist";
				LIBRARY_SEARCH_PATHS = (
					"$(inherited)",
					"$(PROJECT_DIR)/build/Debug-iphoneos",
					"$(PROJECT_DIR)/practice_painting/GoogleAnalyticsServicesiOS_3.12",
					"$(PROJECT_DIR)/practice_painting/GoogleAnalytics",
					/Users/kenseiishii/Downloads/GoogleAnalyticsServicesiOS_3.12/GoogleAnalytics,
					"$(PROJECT_DIR)/practice_painting/GoogleAnalyticsLibrary",
					/Users/kenseiishii/Downloads/GoogleAnalyticsServicesiOS_3.12/GoogleAnalytics/GoogleAnalyticsLibrary,
				);
				OTHER_LDFLAGS = "$(inherited) ";
				OTHER_LIBTOOLFLAGS = "";
				PRODUCT_NAME = praint;
				PROVISIONING_PROFILE = "";
				TARGETED_DEVICE_FAMILY = "1,2";
				WRAPPER_EXTENSION = app;
			};
			name = Debug;
		};
		53382273191493EA00E7D2AE /* Release */ = {
			isa = XCBuildConfiguration;
			baseConfigurationReference = 2C914BE1D8F190D657F6979E /* Pods.release.xcconfig */;
			buildSettings = {
				ASSETCATALOG_COMPILER_APPICON_NAME = AppIcon;
				ASSETCATALOG_COMPILER_LAUNCHIMAGE_NAME = LaunchImage;
				CODE_SIGN_IDENTITY = "iPhone Developer";
				"CODE_SIGN_IDENTITY[sdk=iphoneos*]" = "iPhone Developer";
				FRAMEWORK_SEARCH_PATHS = (
					"$(inherited)",
					"$(PROJECT_DIR)",
				);
				GCC_PRECOMPILE_PREFIX_HEADER = YES;
				GCC_PREFIX_HEADER = "practice_painting/praint-Prefix.pch";
				INFOPLIST_FILE = "practice_painting/praint-Info.plist";
				LIBRARY_SEARCH_PATHS = (
					"$(inherited)",
					"$(PROJECT_DIR)/build/Debug-iphoneos",
					"$(PROJECT_DIR)/practice_painting/GoogleAnalyticsServicesiOS_3.12",
					"$(PROJECT_DIR)/practice_painting/GoogleAnalytics",
					/Users/kenseiishii/Downloads/GoogleAnalyticsServicesiOS_3.12/GoogleAnalytics,
					"$(PROJECT_DIR)/practice_painting/GoogleAnalyticsLibrary",
					/Users/kenseiishii/Downloads/GoogleAnalyticsServicesiOS_3.12/GoogleAnalytics/GoogleAnalyticsLibrary,
				);
				OTHER_LDFLAGS = "$(inherited) ";
				OTHER_LIBTOOLFLAGS = "";
				PRODUCT_NAME = praint;
				PROVISIONING_PROFILE = "";
				TARGETED_DEVICE_FAMILY = "1,2";
				WRAPPER_EXTENSION = app;
			};
			name = Release;
		};
		53382275191493EA00E7D2AE /* Debug */ = {
			isa = XCBuildConfiguration;
			buildSettings = {
				BUNDLE_LOADER = "$(BUILT_PRODUCTS_DIR)/practice_painting.app/practice_painting";
				FRAMEWORK_SEARCH_PATHS = (
					"$(SDKROOT)/Developer/Library/Frameworks",
					"$(inherited)",
					"$(DEVELOPER_FRAMEWORKS_DIR)",
				);
				GCC_PRECOMPILE_PREFIX_HEADER = YES;
				GCC_PREFIX_HEADER = "practice_painting/practice_painting-Prefix.pch";
				GCC_PREPROCESSOR_DEFINITIONS = (
					"DEBUG=1",
					"$(inherited)",
				);
				INFOPLIST_FILE = "practice_paintingTests/practice_painting_oldTests-Info.plist";
				PRODUCT_NAME = praintTests;
				TEST_HOST = "$(BUNDLE_LOADER)";
				WRAPPER_EXTENSION = xctest;
			};
			name = Debug;
		};
		53382276191493EA00E7D2AE /* Release */ = {
			isa = XCBuildConfiguration;
			buildSettings = {
				BUNDLE_LOADER = "$(BUILT_PRODUCTS_DIR)/practice_painting.app/practice_painting";
				FRAMEWORK_SEARCH_PATHS = (
					"$(SDKROOT)/Developer/Library/Frameworks",
					"$(inherited)",
					"$(DEVELOPER_FRAMEWORKS_DIR)",
				);
				GCC_PRECOMPILE_PREFIX_HEADER = YES;
				GCC_PREFIX_HEADER = "practice_painting/practice_painting-Prefix.pch";
				INFOPLIST_FILE = "practice_paintingTests/practice_painting_oldTests-Info.plist";
				PRODUCT_NAME = praintTests;
				TEST_HOST = "$(BUNDLE_LOADER)";
				WRAPPER_EXTENSION = xctest;
			};
			name = Release;
		};
/* End XCBuildConfiguration section */

/* Begin XCConfigurationList section */
		5338223A191493E900E7D2AE /* Build configuration list for PBXProject "praint" */ = {
			isa = XCConfigurationList;
			buildConfigurations = (
				5338226F191493EA00E7D2AE /* Debug */,
				53382270191493EA00E7D2AE /* Release */,
			);
			defaultConfigurationIsVisible = 0;
			defaultConfigurationName = Release;
		};
		53382271191493EA00E7D2AE /* Build configuration list for PBXNativeTarget "praint" */ = {
			isa = XCConfigurationList;
			buildConfigurations = (
				53382272191493EA00E7D2AE /* Debug */,
				53382273191493EA00E7D2AE /* Release */,
			);
			defaultConfigurationIsVisible = 0;
			defaultConfigurationName = Release;
		};
		53382274191493EA00E7D2AE /* Build configuration list for PBXNativeTarget "praintTests" */ = {
			isa = XCConfigurationList;
			buildConfigurations = (
				53382275191493EA00E7D2AE /* Debug */,
				53382276191493EA00E7D2AE /* Release */,
			);
			defaultConfigurationIsVisible = 0;
			defaultConfigurationName = Release;
		};
/* End XCConfigurationList section */
	};
	rootObject = 53382237191493E900E7D2AE /* Project object */;
}
